
Microsoft Visual Studio Solution File, Format Version 12.00
# Visual Studio Version 17
VisualStudioVersion = 17.10.35027.167
MinimumVisualStudioVersion = 10.0.40219.1
Project("{9A19103F-16F7-4668-BE54-9A1E7A4F7556}") = "Wombat.Network", "Wombat.Network\Wombat.Network.csproj", "{3EECCFD9-B406-40EB-80E2-E63E361B1C1E}"
EndProject
Project("{2150E333-8FDC-42A3-9474-1A3956D46DE8}") = "Tests", "Tests", "{85D3A0B1-70FE-4938-B236-5C800992C634}"
EndProject
Project("{FAE04EC0-301F-11D3-BF4B-00C04F79EFBC}") = "Wombat.Network.Benchmark", "Wombat.Network.Benchmark\Wombat.Network.Benchmark.csproj", "{5F0E5940-6D71-42D0-B5B6-BECC3CC2C240}"
EndProject
Project("{FAE04EC0-301F-11D3-BF4B-00C04F79EFBC}") = "Wombat.Network.UnitTest", "Wombat.Network.UnitTest\Wombat.Network.UnitTest.csproj", "{11808687-39F3-428B-8859-B738C219A157}"
EndProject
Project("{FAE04EC0-301F-11D3-BF4B-00C04F79EFBC}") = "Wombat.Network.TcpTest", "Tests\Wombat.Network.TcpTest\Wombat.Network.TcpTest.csproj", "{95929C3D-C8F9-4E94-ADE1-52E5100F48DF}"
EndProject
Project("{FAE04EC0-301F-11D3-BF4B-00C04F79EFBC}") = "Wombat.Network.TestHelper", "Tests\Wombat.Network.TestHelper\Wombat.Network.TestHelper.csproj", "{5D298D8F-0879-DCB5-7CA1-0CB71EBEB62B}"
EndProject
Project("{FAE04EC0-301F-11D3-BF4B-00C04F79EFBC}") = "Wombat.Network.UdpTest", "Tests\Wombat.Network.UdpTest\Wombat.Network.UdpTest.csproj", "{FEBDEBC4-C58B-438E-9BBD-9C70481FA9D6}"
EndProject
Project("{FAE04EC0-301F-11D3-BF4B-00C04F79EFBC}") = "Wombat.Network.WebSokcetTest", "Tests\Wombat.Network.WebSokcetTest\Wombat.Network.WebSokcetTest.csproj", "{F1221F70-D3C9-469B-BD2C-A5D25C7915D7}"
EndProject
Global
	GlobalSection(SolutionConfigurationPlatforms) = preSolution
		Debug|Any CPU = Debug|Any CPU
		Release|Any CPU = Release|Any CPU
	EndGlobalSection
	GlobalSection(ProjectConfigurationPlatforms) = postSolution
		{3EECCFD9-B406-40EB-80E2-E63E361B1C1E}.Debug|Any CPU.ActiveCfg = Debug|Any CPU
		{3EECCFD9-B406-40EB-80E2-E63E361B1C1E}.Debug|Any CPU.Build.0 = Debug|Any CPU
		{3EECCFD9-B406-40EB-80E2-E63E361B1C1E}.Release|Any CPU.ActiveCfg = Release|Any CPU
		{3EECCFD9-B406-40EB-80E2-E63E361B1C1E}.Release|Any CPU.Build.0 = Release|Any CPU
		{5F0E5940-6D71-42D0-B5B6-BECC3CC2C240}.Debug|Any CPU.ActiveCfg = Debug|Any CPU
		{5F0E5940-6D71-42D0-B5B6-BECC3CC2C240}.Debug|Any CPU.Build.0 = Debug|Any CPU
		{5F0E5940-6D71-42D0-B5B6-BECC3CC2C240}.Release|Any CPU.ActiveCfg = Release|Any CPU
		{5F0E5940-6D71-42D0-B5B6-BECC3CC2C240}.Release|Any CPU.Build.0 = Release|Any CPU
		{11808687-39F3-428B-8859-B738C219A157}.Debug|Any CPU.ActiveCfg = Debug|Any CPU
		{11808687-39F3-428B-8859-B738C219A157}.Debug|Any CPU.Build.0 = Debug|Any CPU
		{11808687-39F3-428B-8859-B738C219A157}.Release|Any CPU.ActiveCfg = Release|Any CPU
		{11808687-39F3-428B-8859-B738C219A157}.Release|Any CPU.Build.0 = Release|Any CPU
		{95929C3D-C8F9-4E94-ADE1-52E5100F48DF}.Debug|Any CPU.ActiveCfg = Debug|Any CPU
		{95929C3D-C8F9-4E94-ADE1-52E5100F48DF}.Debug|Any CPU.Build.0 = Debug|Any CPU
		{95929C3D-C8F9-4E94-ADE1-52E5100F48DF}.Release|Any CPU.ActiveCfg = Release|Any CPU
		{95929C3D-C8F9-4E94-ADE1-52E5100F48DF}.Release|Any CPU.Build.0 = Release|Any CPU
		{5D298D8F-0879-DCB5-7CA1-0CB71EBEB62B}.Debug|Any CPU.ActiveCfg = Debug|Any CPU
		{5D298D8F-0879-DCB5-7CA1-0CB71EBEB62B}.Debug|Any CPU.Build.0 = Debug|Any CPU
		{5D298D8F-0879-DCB5-7CA1-0CB71EBEB62B}.Release|Any CPU.ActiveCfg = Release|Any CPU
		{5D298D8F-0879-DCB5-7CA1-0CB71EBEB62B}.Release|Any CPU.Build.0 = Release|Any CPU
		{FEBDEBC4-C58B-438E-9BBD-9C70481FA9D6}.Debug|Any CPU.ActiveCfg = Debug|Any CPU
		{FEBDEBC4-C58B-438E-9BBD-9C70481FA9D6}.Debug|Any CPU.Build.0 = Debug|Any CPU
		{FEBDEBC4-C58B-438E-9BBD-9C70481FA9D6}.Release|Any CPU.ActiveCfg = Release|Any CPU
		{FEBDEBC4-C58B-438E-9BBD-9C70481FA9D6}.Release|Any CPU.Build.0 = Release|Any CPU
		{F1221F70-D3C9-469B-BD2C-A5D25C7915D7}.Debug|Any CPU.ActiveCfg = Debug|Any CPU
		{F1221F70-D3C9-469B-BD2C-A5D25C7915D7}.Debug|Any CPU.Build.0 = Debug|Any CPU
		{F1221F70-D3C9-469B-BD2C-A5D25C7915D7}.Release|Any CPU.ActiveCfg = Release|Any CPU
		{F1221F70-D3C9-469B-BD2C-A5D25C7915D7}.Release|Any CPU.Build.0 = Release|Any CPU
	EndGlobalSection
	GlobalSection(SolutionProperties) = preSolution
		HideSolutionNode = FALSE
	EndGlobalSection
	GlobalSection(NestedProjects) = preSolution
		{95929C3D-C8F9-4E94-ADE1-52E5100F48DF} = {85D3A0B1-70FE-4938-B236-5C800992C634}
		{5D298D8F-0879-DCB5-7CA1-0CB71EBEB62B} = {85D3A0B1-70FE-4938-B236-5C800992C634}
		{FEBDEBC4-C58B-438E-9BBD-9C70481FA9D6} = {85D3A0B1-70FE-4938-B236-5C800992C634}
		{F1221F70-D3C9-469B-BD2C-A5D25C7915D7} = {85D3A0B1-70FE-4938-B236-5C800992C634}
	EndGlobalSection
	GlobalSection(ExtensibilityGlobals) = postSolution
		SolutionGuid = {50E02E14-D5D0-4ECF-8640-423581EC92C4}
	EndGlobalSection
EndGlobal
