
Microsoft Visual Studio Solution File, Format Version 12.00
# Visual Studio Version 16
VisualStudioVersion = 16.0.34301.259
MinimumVisualStudioVersion = 10.0.40219.1
Project("{9A19103F-16F7-4668-BE54-9A1E7A4F7556}") = "Wombat.Network", "Wombat.Network\Wombat.Network.csproj", "{3EECCFD9-B406-40EB-80E2-E63E361B1C1E}"
EndProject
Project("{9A19103F-16F7-4668-BE54-9A1E7A4F7556}") = "Wombat.NetworkTests", "Wombat.NetworkTests\Wombat.NetworkTests.csproj", "{437A9A14-5F59-4907-9400-54AD81F6A431}"
EndProject
Project("{2150E333-8FDC-42A3-9474-1A3956D46DE8}") = "Tests", "Tests", "{85D3A0B1-70FE-4938-B236-5C800992C634}"
EndProject
Project("{9A19103F-16F7-4668-BE54-9A1E7A4F7556}") = "Wombat.Socket.TestTcpSocketClient", "Tests\Wombat.Socket.TestTcpSocketClient\Wombat.Socket.TestTcpSocketClient.csproj", "{D1A85171-DF3C-4989-80A4-D26A74A3248D}"
EndProject
Project("{9A19103F-16F7-4668-BE54-9A1E7A4F7556}") = "Wombat.Socket.TestTcpSocketServer", "Tests\Wombat.Socket.TestTcpSocketServer\Wombat.Socket.TestTcpSocketServer.csproj", "{70539DD8-657F-4D5F-8AF5-9A278E3F29B6}"
EndProject
Project("{9A19103F-16F7-4668-BE54-9A1E7A4F7556}") = "Wombat.WebSockets.TestWebSocketClient", "Tests\Wombat.WebSockets.TestWebSocketClient\Wombat.WebSockets.TestWebSocketClient.csproj", "{6CD672DB-57B1-49B3-B93B-9B10CDCB87C1}"
EndProject
Project("{9A19103F-16F7-4668-BE54-9A1E7A4F7556}") = "Wombat.WebSockets.TestWebSocketServer", "Tests\Wombat.WebSockets.TestWebSocketServer\Wombat.WebSockets.TestWebSocketServer.csproj", "{C2653734-288A-4261-A86F-216649764BEB}"
EndProject
Global
	GlobalSection(SolutionConfigurationPlatforms) = preSolution
		Debug|Any CPU = Debug|Any CPU
		Release|Any CPU = Release|Any CPU
	EndGlobalSection
	GlobalSection(ProjectConfigurationPlatforms) = postSolution
		{3EECCFD9-B406-40EB-80E2-E63E361B1C1E}.Debug|Any CPU.ActiveCfg = Debug|Any CPU
		{3EECCFD9-B406-40EB-80E2-E63E361B1C1E}.Debug|Any CPU.Build.0 = Debug|Any CPU
		{3EECCFD9-B406-40EB-80E2-E63E361B1C1E}.Release|Any CPU.ActiveCfg = Release|Any CPU
		{3EECCFD9-B406-40EB-80E2-E63E361B1C1E}.Release|Any CPU.Build.0 = Release|Any CPU
		{437A9A14-5F59-4907-9400-54AD81F6A431}.Debug|Any CPU.ActiveCfg = Debug|Any CPU
		{437A9A14-5F59-4907-9400-54AD81F6A431}.Debug|Any CPU.Build.0 = Debug|Any CPU
		{437A9A14-5F59-4907-9400-54AD81F6A431}.Release|Any CPU.ActiveCfg = Release|Any CPU
		{437A9A14-5F59-4907-9400-54AD81F6A431}.Release|Any CPU.Build.0 = Release|Any CPU
		{D1A85171-DF3C-4989-80A4-D26A74A3248D}.Debug|Any CPU.ActiveCfg = Debug|Any CPU
		{D1A85171-DF3C-4989-80A4-D26A74A3248D}.Debug|Any CPU.Build.0 = Debug|Any CPU
		{D1A85171-DF3C-4989-80A4-D26A74A3248D}.Release|Any CPU.ActiveCfg = Release|Any CPU
		{D1A85171-DF3C-4989-80A4-D26A74A3248D}.Release|Any CPU.Build.0 = Release|Any CPU
		{70539DD8-657F-4D5F-8AF5-9A278E3F29B6}.Debug|Any CPU.ActiveCfg = Debug|Any CPU
		{70539DD8-657F-4D5F-8AF5-9A278E3F29B6}.Debug|Any CPU.Build.0 = Debug|Any CPU
		{70539DD8-657F-4D5F-8AF5-9A278E3F29B6}.Release|Any CPU.ActiveCfg = Release|Any CPU
		{70539DD8-657F-4D5F-8AF5-9A278E3F29B6}.Release|Any CPU.Build.0 = Release|Any CPU
		{6CD672DB-57B1-49B3-B93B-9B10CDCB87C1}.Debug|Any CPU.ActiveCfg = Debug|Any CPU
		{6CD672DB-57B1-49B3-B93B-9B10CDCB87C1}.Debug|Any CPU.Build.0 = Debug|Any CPU
		{6CD672DB-57B1-49B3-B93B-9B10CDCB87C1}.Release|Any CPU.ActiveCfg = Release|Any CPU
		{6CD672DB-57B1-49B3-B93B-9B10CDCB87C1}.Release|Any CPU.Build.0 = Release|Any CPU
		{C2653734-288A-4261-A86F-216649764BEB}.Debug|Any CPU.ActiveCfg = Debug|Any CPU
		{C2653734-288A-4261-A86F-216649764BEB}.Debug|Any CPU.Build.0 = Debug|Any CPU
		{C2653734-288A-4261-A86F-216649764BEB}.Release|Any CPU.ActiveCfg = Release|Any CPU
		{C2653734-288A-4261-A86F-216649764BEB}.Release|Any CPU.Build.0 = Release|Any CPU
	EndGlobalSection
	GlobalSection(SolutionProperties) = preSolution
		HideSolutionNode = FALSE
	EndGlobalSection
	GlobalSection(NestedProjects) = preSolution
		{D1A85171-DF3C-4989-80A4-D26A74A3248D} = {85D3A0B1-70FE-4938-B236-5C800992C634}
		{70539DD8-657F-4D5F-8AF5-9A278E3F29B6} = {85D3A0B1-70FE-4938-B236-5C800992C634}
		{6CD672DB-57B1-49B3-B93B-9B10CDCB87C1} = {85D3A0B1-70FE-4938-B236-5C800992C634}
		{C2653734-288A-4261-A86F-216649764BEB} = {85D3A0B1-70FE-4938-B236-5C800992C634}
	EndGlobalSection
	GlobalSection(ExtensibilityGlobals) = postSolution
		SolutionGuid = {50E02E14-D5D0-4ECF-8640-423581EC92C4}
	EndGlobalSection
EndGlobal
